
Microsoft Visual Studio Solution File, Format Version 12.00
# Visual Studio Version 17
VisualStudioVersion = 17.13.35806.99 d17.13
MinimumVisualStudioVersion = 10.0.40219.1
Project("{FAE04EC0-301F-11D3-BF4B-00C04F79EFBC}") = "EANValidator", "EANValidator.csproj", "{B0DEFD3C-793D-4D9B-B775-2F878C115457}"
EndProject
Global
	GlobalSection(SolutionConfigurationPlatforms) = preSolution
		Debug|Any CPU = Debug|Any CPU
		Release|Any CPU = Release|Any CPU
	EndGlobalSection
	GlobalSection(ProjectConfigurationPlatforms) = postSolution
		{B0DEFD3C-793D-4D9B-B775-2F878C115457}.Debug|Any CPU.ActiveCfg = Debug|Any CPU
		{B0DEFD3C-793D-4D9B-B775-2F878C115457}.Debug|Any CPU.Build.0 = Debug|Any CPU
		{B0DEFD3C-793D-4D9B-B775-2F878C115457}.Release|Any CPU.ActiveCfg = Release|Any CPU
		{B0DEFD3C-793D-4D9B-B775-2F878C115457}.Release|Any CPU.Build.0 = Release|Any CPU
	EndGlobalSection
	GlobalSection(SolutionProperties) = preSolution
		HideSolutionNode = FALSE
	EndGlobalSection
	GlobalSection(ExtensibilityGlobals) = postSolution
		SolutionGuid = {01247F7A-E29D-4163-8B26-7EBB8693ADA4}
	EndGlobalSection
EndGlobal
